// !$*UTF8*$!
{
	archiveVersion = 1;
	classes = {
	};
	objectVersion = 56;
	objects = {

/* Begin PBXBuildFile section */
		3E2B871729FE5B82008FDD74 /* MetronomeApp.swift in Sources */ = {isa = PBXBuildFile; fileRef = 3E2B871629FE5B82008FDD74 /* MetronomeApp.swift */; };
		3E2B871929FE5B82008FDD74 /* MetronomeView.swift in Sources */ = {isa = PBXBuildFile; fileRef = 3E2B871829FE5B82008FDD74 /* MetronomeView.swift */; };
		3E2B871B29FE5B83008FDD74 /* Assets.xcassets in Resources */ = {isa = PBXBuildFile; fileRef = 3E2B871A29FE5B83008FDD74 /* Assets.xcassets */; };
		3E2B871E29FE5B83008FDD74 /* Preview Assets.xcassets in Resources */ = {isa = PBXBuildFile; fileRef = 3E2B871D29FE5B83008FDD74 /* Preview Assets.xcassets */; };
		3E2B872829FE5B83008FDD74 /* MetronomeTests.swift in Sources */ = {isa = PBXBuildFile; fileRef = 3E2B872729FE5B83008FDD74 /* MetronomeTests.swift */; };
		3E2B873229FE5B83008FDD74 /* MetronomeUITests.swift in Sources */ = {isa = PBXBuildFile; fileRef = 3E2B873129FE5B83008FDD74 /* MetronomeUITests.swift */; };
		3E2B873429FE5B83008FDD74 /* MetronomeUITestsLaunchTests.swift in Sources */ = {isa = PBXBuildFile; fileRef = 3E2B873329FE5B83008FDD74 /* MetronomeUITestsLaunchTests.swift */; };
		3E2B874129FE5BA7008FDD74 /* MetronomeViewController.swift in Sources */ = {isa = PBXBuildFile; fileRef = 3E2B874029FE5BA7008FDD74 /* MetronomeViewController.swift */; };
		3E2B874329FE5C03008FDD74 /* metronome-sound.mp3 in Resources */ = {isa = PBXBuildFile; fileRef = 3E2B874229FE5C03008FDD74 /* metronome-sound.mp3 */; };
/* End PBXBuildFile section */

/* Begin PBXContainerItemProxy section */
		3E2B872429FE5B83008FDD74 /* PBXContainerItemProxy */ = {
			isa = PBXContainerItemProxy;
			containerPortal = 3E2B870B29FE5B82008FDD74 /* Project object */;
			proxyType = 1;
			remoteGlobalIDString = 3E2B871229FE5B82008FDD74;
			remoteInfo = Metronome;
		};
		3E2B872E29FE5B83008FDD74 /* PBXContainerItemProxy */ = {
			isa = PBXContainerItemProxy;
			containerPortal = 3E2B870B29FE5B82008FDD74 /* Project object */;
			proxyType = 1;
			remoteGlobalIDString = 3E2B871229FE5B82008FDD74;
			remoteInfo = Metronome;
		};
/* End PBXContainerItemProxy section */

/* Begin PBXFileReference section */
		3E2B871329FE5B82008FDD74 /* Metronome.app */ = {isa = PBXFileReference; explicitFileType = wrapper.application; includeInIndex = 0; path = Metronome.app; sourceTree = BUILT_PRODUCTS_DIR; };
		3E2B871629FE5B82008FDD74 /* MetronomeApp.swift */ = {isa = PBXFileReference; lastKnownFileType = sourcecode.swift; path = MetronomeApp.swift; sourceTree = "<group>"; };
		3E2B871829FE5B82008FDD74 /* MetronomeView.swift */ = {isa = PBXFileReference; lastKnownFileType = sourcecode.swift; path = MetronomeView.swift; sourceTree = "<group>"; };
		3E2B871A29FE5B83008FDD74 /* Assets.xcassets */ = {isa = PBXFileReference; lastKnownFileType = folder.assetcatalog; path = Assets.xcassets; sourceTree = "<group>"; };
		3E2B871D29FE5B83008FDD74 /* Preview Assets.xcassets */ = {isa = PBXFileReference; lastKnownFileType = folder.assetcatalog; path = "Preview Assets.xcassets"; sourceTree = "<group>"; };
		3E2B872329FE5B83008FDD74 /* MetronomeTests.xctest */ = {isa = PBXFileReference; explicitFileType = wrapper.cfbundle; includeInIndex = 0; path = MetronomeTests.xctest; sourceTree = BUILT_PRODUCTS_DIR; };
		3E2B872729FE5B83008FDD74 /* MetronomeTests.swift */ = {isa = PBXFileReference; lastKnownFileType = sourcecode.swift; path = MetronomeTests.swift; sourceTree = "<group>"; };
		3E2B872D29FE5B83008FDD74 /* MetronomeUITests.xctest */ = {isa = PBXFileReference; explicitFileType = wrapper.cfbundle; includeInIndex = 0; path = MetronomeUITests.xctest; sourceTree = BUILT_PRODUCTS_DIR; };
		3E2B873129FE5B83008FDD74 /* MetronomeUITests.swift */ = {isa = PBXFileReference; lastKnownFileType = sourcecode.swift; path = MetronomeUITests.swift; sourceTree = "<group>"; };
		3E2B873329FE5B83008FDD74 /* MetronomeUITestsLaunchTests.swift */ = {isa = PBXFileReference; lastKnownFileType = sourcecode.swift; path = MetronomeUITestsLaunchTests.swift; sourceTree = "<group>"; };
		3E2B874029FE5BA7008FDD74 /* MetronomeViewController.swift */ = {isa = PBXFileReference; lastKnownFileType = sourcecode.swift; path = MetronomeViewController.swift; sourceTree = "<group>"; };
		3E2B874229FE5C03008FDD74 /* metronome-sound.mp3 */ = {isa = PBXFileReference; lastKnownFileType = audio.mp3; path = "metronome-sound.mp3"; sourceTree = "<group>"; };
/* End PBXFileReference section */

/* Begin PBXFrameworksBuildPhase section */
		3E2B871029FE5B82008FDD74 /* Frameworks */ = {
			isa = PBXFrameworksBuildPhase;
			buildActionMask = 2147483647;
			files = (
			);
			runOnlyForDeploymentPostprocessing = 0;
		};
		3E2B872029FE5B83008FDD74 /* Frameworks */ = {
			isa = PBXFrameworksBuildPhase;
			buildActionMask = 2147483647;
			files = (
			);
			runOnlyForDeploymentPostprocessing = 0;
		};
		3E2B872A29FE5B83008FDD74 /* Frameworks */ = {
			isa = PBXFrameworksBuildPhase;
			buildActionMask = 2147483647;
			files = (
			);
			runOnlyForDeploymentPostprocessing = 0;
		};
/* End PBXFrameworksBuildPhase section */

/* Begin PBXGroup section */
		3E2B870A29FE5B82008FDD74 = {
			isa = PBXGroup;
			children = (
				3E2B871529FE5B82008FDD74 /* Metronome */,
				3E2B872629FE5B83008FDD74 /* MetronomeTests */,
				3E2B873029FE5B83008FDD74 /* MetronomeUITests */,
				3E2B871429FE5B82008FDD74 /* Products */,
			);
			sourceTree = "<group>";
		};
		3E2B871429FE5B82008FDD74 /* Products */ = {
			isa = PBXGroup;
			children = (
				3E2B871329FE5B82008FDD74 /* Metronome.app */,
				3E2B872329FE5B83008FDD74 /* MetronomeTests.xctest */,
				3E2B872D29FE5B83008FDD74 /* MetronomeUITests.xctest */,
			);
			name = Products;
			sourceTree = "<group>";
		};
		3E2B871529FE5B82008FDD74 /* Metronome */ = {
			isa = PBXGroup;
			children = (
				3E2B871629FE5B82008FDD74 /* MetronomeApp.swift */,
				3E2B874029FE5BA7008FDD74 /* MetronomeViewController.swift */,
				3E2B871829FE5B82008FDD74 /* MetronomeView.swift */,
				3E2B874229FE5C03008FDD74 /* metronome-sound.mp3 */,
				3E2B871A29FE5B83008FDD74 /* Assets.xcassets */,
				3E2B871C29FE5B83008FDD74 /* Preview Content */,
			);
			path = Metronome;
			sourceTree = "<group>";
		};
		3E2B871C29FE5B83008FDD74 /* Preview Content */ = {
			isa = PBXGroup;
			children = (
				3E2B871D29FE5B83008FDD74 /* Preview Assets.xcassets */,
			);
			path = "Preview Content";
			sourceTree = "<group>";
		};
		3E2B872629FE5B83008FDD74 /* MetronomeTests */ = {
			isa = PBXGroup;
			children = (
				3E2B872729FE5B83008FDD74 /* MetronomeTests.swift */,
			);
			path = MetronomeTests;
			sourceTree = "<group>";
		};
		3E2B873029FE5B83008FDD74 /* MetronomeUITests */ = {
			isa = PBXGroup;
			children = (
				3E2B873129FE5B83008FDD74 /* MetronomeUITests.swift */,
				3E2B873329FE5B83008FDD74 /* MetronomeUITestsLaunchTests.swift */,
			);
			path = MetronomeUITests;
			sourceTree = "<group>";
		};
/* End PBXGroup section */

/* Begin PBXNativeTarget section */
		3E2B871229FE5B82008FDD74 /* Metronome */ = {
			isa = PBXNativeTarget;
			buildConfigurationList = 3E2B873729FE5B83008FDD74 /* Build configuration list for PBXNativeTarget "Metronome" */;
			buildPhases = (
				3E2B870F29FE5B82008FDD74 /* Sources */,
				3E2B871029FE5B82008FDD74 /* Frameworks */,
				3E2B871129FE5B82008FDD74 /* Resources */,
			);
			buildRules = (
			);
			dependencies = (
			);
			name = Metronome;
			productName = Metronome;
			productReference = 3E2B871329FE5B82008FDD74 /* Metronome.app */;
			productType = "com.apple.product-type.application";
		};
		3E2B872229FE5B83008FDD74 /* MetronomeTests */ = {
			isa = PBXNativeTarget;
			buildConfigurationList = 3E2B873A29FE5B83008FDD74 /* Build configuration list for PBXNativeTarget "MetronomeTests" */;
			buildPhases = (
				3E2B871F29FE5B83008FDD74 /* Sources */,
				3E2B872029FE5B83008FDD74 /* Frameworks */,
				3E2B872129FE5B83008FDD74 /* Resources */,
			);
			buildRules = (
			);
			dependencies = (
				3E2B872529FE5B83008FDD74 /* PBXTargetDependency */,
			);
			name = MetronomeTests;
			productName = MetronomeTests;
			productReference = 3E2B872329FE5B83008FDD74 /* MetronomeTests.xctest */;
			productType = "com.apple.product-type.bundle.unit-test";
		};
		3E2B872C29FE5B83008FDD74 /* MetronomeUITests */ = {
			isa = PBXNativeTarget;
			buildConfigurationList = 3E2B873D29FE5B83008FDD74 /* Build configuration list for PBXNativeTarget "MetronomeUITests" */;
			buildPhases = (
				3E2B872929FE5B83008FDD74 /* Sources */,
				3E2B872A29FE5B83008FDD74 /* Frameworks */,
				3E2B872B29FE5B83008FDD74 /* Resources */,
			);
			buildRules = (
			);
			dependencies = (
				3E2B872F29FE5B83008FDD74 /* PBXTargetDependency */,
			);
			name = MetronomeUITests;
			productName = MetronomeUITests;
			productReference = 3E2B872D29FE5B83008FDD74 /* MetronomeUITests.xctest */;
			productType = "com.apple.product-type.bundle.ui-testing";
		};
/* End PBXNativeTarget section */

/* Begin PBXProject section */
		3E2B870B29FE5B82008FDD74 /* Project object */ = {
			isa = PBXProject;
			attributes = {
				BuildIndependentTargetsInParallel = 1;
				LastSwiftUpdateCheck = 1430;
				LastUpgradeCheck = 1430;
				TargetAttributes = {
					3E2B871229FE5B82008FDD74 = {
						CreatedOnToolsVersion = 14.3;
					};
					3E2B872229FE5B83008FDD74 = {
						CreatedOnToolsVersion = 14.3;
						TestTargetID = 3E2B871229FE5B82008FDD74;
					};
					3E2B872C29FE5B83008FDD74 = {
						CreatedOnToolsVersion = 14.3;
						TestTargetID = 3E2B871229FE5B82008FDD74;
					};
				};
			};
			buildConfigurationList = 3E2B870E29FE5B82008FDD74 /* Build configuration list for PBXProject "Metronome" */;
			compatibilityVersion = "Xcode 14.0";
			developmentRegion = en;
			hasScannedForEncodings = 0;
			knownRegions = (
				en,
				Base,
			);
			mainGroup = 3E2B870A29FE5B82008FDD74;
			productRefGroup = 3E2B871429FE5B82008FDD74 /* Products */;
			projectDirPath = "";
			projectRoot = "";
			targets = (
				3E2B871229FE5B82008FDD74 /* Metronome */,
				3E2B872229FE5B83008FDD74 /* MetronomeTests */,
				3E2B872C29FE5B83008FDD74 /* MetronomeUITests */,
			);
		};
/* End PBXProject section */

/* Begin PBXResourcesBuildPhase section */
		3E2B871129FE5B82008FDD74 /* Resources */ = {
			isa = PBXResourcesBuildPhase;
			buildActionMask = 2147483647;
			files = (
				3E2B871E29FE5B83008FDD74 /* Preview Assets.xcassets in Resources */,
				3E2B871B29FE5B83008FDD74 /* Assets.xcassets in Resources */,
				3E2B874329FE5C03008FDD74 /* metronome-sound.mp3 in Resources */,
			);
			runOnlyForDeploymentPostprocessing = 0;
		};
		3E2B872129FE5B83008FDD74 /* Resources */ = {
			isa = PBXResourcesBuildPhase;
			buildActionMask = 2147483647;
			files = (
			);
			runOnlyForDeploymentPostprocessing = 0;
		};
		3E2B872B29FE5B83008FDD74 /* Resources */ = {
			isa = PBXResourcesBuildPhase;
			buildActionMask = 2147483647;
			files = (
			);
			runOnlyForDeploymentPostprocessing = 0;
		};
/* End PBXResourcesBuildPhase section */

/* Begin PBXSourcesBuildPhase section */
		3E2B870F29FE5B82008FDD74 /* Sources */ = {
			isa = PBXSourcesBuildPhase;
			buildActionMask = 2147483647;
			files = (
				3E2B871929FE5B82008FDD74 /* MetronomeView.swift in Sources */,
				3E2B874129FE5BA7008FDD74 /* MetronomeViewController.swift in Sources */,
				3E2B871729FE5B82008FDD74 /* MetronomeApp.swift in Sources */,
			);
			runOnlyForDeploymentPostprocessing = 0;
		};
		3E2B871F29FE5B83008FDD74 /* Sources */ = {
			isa = PBXSourcesBuildPhase;
			buildActionMask = 2147483647;
			files = (
				3E2B872829FE5B83008FDD74 /* MetronomeTests.swift in Sources */,
			);
			runOnlyForDeploymentPostprocessing = 0;
		};
		3E2B872929FE5B83008FDD74 /* Sources */ = {
			isa = PBXSourcesBuildPhase;
			buildActionMask = 2147483647;
			files = (
				3E2B873229FE5B83008FDD74 /* MetronomeUITests.swift in Sources */,
				3E2B873429FE5B83008FDD74 /* MetronomeUITestsLaunchTests.swift in Sources */,
			);
			runOnlyForDeploymentPostprocessing = 0;
		};
/* End PBXSourcesBuildPhase section */

/* Begin PBXTargetDependency section */
		3E2B872529FE5B83008FDD74 /* PBXTargetDependency */ = {
			isa = PBXTargetDependency;
			target = 3E2B871229FE5B82008FDD74 /* Metronome */;
			targetProxy = 3E2B872429FE5B83008FDD74 /* PBXContainerItemProxy */;
		};
		3E2B872F29FE5B83008FDD74 /* PBXTargetDependency */ = {
			isa = PBXTargetDependency;
			target = 3E2B871229FE5B82008FDD74 /* Metronome */;
			targetProxy = 3E2B872E29FE5B83008FDD74 /* PBXContainerItemProxy */;
		};
/* End PBXTargetDependency section */

/* Begin XCBuildConfiguration section */
		3E2B873529FE5B83008FDD74 /* Debug */ = {
			isa = XCBuildConfiguration;
			buildSettings = {
				ALWAYS_SEARCH_USER_PATHS = NO;
				CLANG_ANALYZER_NONNULL = YES;
				CLANG_ANALYZER_NUMBER_OBJECT_CONVERSION = YES_AGGRESSIVE;
				CLANG_CXX_LANGUAGE_STANDARD = "gnu++20";
				CLANG_ENABLE_MODULES = YES;
				CLANG_ENABLE_OBJC_ARC = YES;
				CLANG_ENABLE_OBJC_WEAK = YES;
				CLANG_WARN_BLOCK_CAPTURE_AUTORELEASING = YES;
				CLANG_WARN_BOOL_CONVERSION = YES;
				CLANG_WARN_COMMA = YES;
				CLANG_WARN_CONSTANT_CONVERSION = YES;
				CLANG_WARN_DEPRECATED_OBJC_IMPLEMENTATIONS = YES;
				CLANG_WARN_DIRECT_OBJC_ISA_USAGE = YES_ERROR;
				CLANG_WARN_DOCUMENTATION_COMMENTS = YES;
				CLANG_WARN_EMPTY_BODY = YES;
				CLANG_WARN_ENUM_CONVERSION = YES;
				CLANG_WARN_INFINITE_RECURSION = YES;
				CLANG_WARN_INT_CONVERSION = YES;
				CLANG_WARN_NON_LITERAL_NULL_CONVERSION = YES;
				CLANG_WARN_OBJC_IMPLICIT_RETAIN_SELF = YES;
				CLANG_WARN_OBJC_LITERAL_CONVERSION = YES;
				CLANG_WARN_OBJC_ROOT_CLASS = YES_ERROR;
				CLANG_WARN_QUOTED_INCLUDE_IN_FRAMEWORK_HEADER = YES;
				CLANG_WARN_RANGE_LOOP_ANALYSIS = YES;
				CLANG_WARN_STRICT_PROTOTYPES = YES;
				CLANG_WARN_SUSPICIOUS_MOVE = YES;
				CLANG_WARN_UNGUARDED_AVAILABILITY = YES_AGGRESSIVE;
				CLANG_WARN_UNREACHABLE_CODE = YES;
				CLANG_WARN__DUPLICATE_METHOD_MATCH = YES;
				COPY_PHASE_STRIP = NO;
				DEBUG_INFORMATION_FORMAT = dwarf;
				ENABLE_STRICT_OBJC_MSGSEND = YES;
				ENABLE_TESTABILITY = YES;
				GCC_C_LANGUAGE_STANDARD = gnu11;
				GCC_DYNAMIC_NO_PIC = NO;
				GCC_NO_COMMON_BLOCKS = YES;
				GCC_OPTIMIZATION_LEVEL = 0;
				GCC_PREPROCESSOR_DEFINITIONS = (
					"DEBUG=1",
					"$(inherited)",
				);
				GCC_WARN_64_TO_32_BIT_CONVERSION = YES;
				GCC_WARN_ABOUT_RETURN_TYPE = YES_ERROR;
				GCC_WARN_UNDECLARED_SELECTOR = YES;
				GCC_WARN_UNINITIALIZED_AUTOS = YES_AGGRESSIVE;
				GCC_WARN_UNUSED_FUNCTION = YES;
				GCC_WARN_UNUSED_VARIABLE = YES;
				IPHONEOS_DEPLOYMENT_TARGET = 16.4;
				MTL_ENABLE_DEBUG_INFO = INCLUDE_SOURCE;
				MTL_FAST_MATH = YES;
				ONLY_ACTIVE_ARCH = YES;
				SDKROOT = iphoneos;
				SWIFT_ACTIVE_COMPILATION_CONDITIONS = DEBUG;
				SWIFT_OPTIMIZATION_LEVEL = "-Onone";
			};
			name = Debug;
		};
		3E2B873629FE5B83008FDD74 /* Release */ = {
			isa = XCBuildConfiguration;
			buildSettings = {
				ALWAYS_SEARCH_USER_PATHS = NO;
				CLANG_ANALYZER_NONNULL = YES;
				CLANG_ANALYZER_NUMBER_OBJECT_CONVERSION = YES_AGGRESSIVE;
				CLANG_CXX_LANGUAGE_STANDARD = "gnu++20";
				CLANG_ENABLE_MODULES = YES;
				CLANG_ENABLE_OBJC_ARC = YES;
				CLANG_ENABLE_OBJC_WEAK = YES;
				CLANG_WARN_BLOCK_CAPTURE_AUTORELEASING = YES;
				CLANG_WARN_BOOL_CONVERSION = YES;
				CLANG_WARN_COMMA = YES;
				CLANG_WARN_CONSTANT_CONVERSION = YES;
				CLANG_WARN_DEPRECATED_OBJC_IMPLEMENTATIONS = YES;
				CLANG_WARN_DIRECT_OBJC_ISA_USAGE = YES_ERROR;
				CLANG_WARN_DOCUMENTATION_COMMENTS = YES;
				CLANG_WARN_EMPTY_BODY = YES;
				CLANG_WARN_ENUM_CONVERSION = YES;
				CLANG_WARN_INFINITE_RECURSION = YES;
				CLANG_WARN_INT_CONVERSION = YES;
				CLANG_WARN_NON_LITERAL_NULL_CONVERSION = YES;
				CLANG_WARN_OBJC_IMPLICIT_RETAIN_SELF = YES;
				CLANG_WARN_OBJC_LITERAL_CONVERSION = YES;
				CLANG_WARN_OBJC_ROOT_CLASS = YES_ERROR;
				CLANG_WARN_QUOTED_INCLUDE_IN_FRAMEWORK_HEADER = YES;
				CLANG_WARN_RANGE_LOOP_ANALYSIS = YES;
				CLANG_WARN_STRICT_PROTOTYPES = YES;
				CLANG_WARN_SUSPICIOUS_MOVE = YES;
				CLANG_WARN_UNGUARDED_AVAILABILITY = YES_AGGRESSIVE;
				CLANG_WARN_UNREACHABLE_CODE = YES;
				CLANG_WARN__DUPLICATE_METHOD_MATCH = YES;
				COPY_PHASE_STRIP = NO;
				DEBUG_INFORMATION_FORMAT = "dwarf-with-dsym";
				ENABLE_NS_ASSERTIONS = NO;
				ENABLE_STRICT_OBJC_MSGSEND = YES;
				GCC_C_LANGUAGE_STANDARD = gnu11;
				GCC_NO_COMMON_BLOCKS = YES;
				GCC_WARN_64_TO_32_BIT_CONVERSION = YES;
				GCC_WARN_ABOUT_RETURN_TYPE = YES_ERROR;
				GCC_WARN_UNDECLARED_SELECTOR = YES;
				GCC_WARN_UNINITIALIZED_AUTOS = YES_AGGRESSIVE;
				GCC_WARN_UNUSED_FUNCTION = YES;
				GCC_WARN_UNUSED_VARIABLE = YES;
				IPHONEOS_DEPLOYMENT_TARGET = 16.4;
				MTL_ENABLE_DEBUG_INFO = NO;
				MTL_FAST_MATH = YES;
				SDKROOT = iphoneos;
				SWIFT_COMPILATION_MODE = wholemodule;
				SWIFT_OPTIMIZATION_LEVEL = "-O";
				VALIDATE_PRODUCT = YES;
			};
			name = Release;
		};
		3E2B873829FE5B83008FDD74 /* Debug */ = {
			isa = XCBuildConfiguration;
			buildSettings = {
				ASSETCATALOG_COMPILER_APPICON_NAME = AppIcon;
				ASSETCATALOG_COMPILER_GLOBAL_ACCENT_COLOR_NAME = AccentColor;
				CODE_SIGN_STYLE = Automatic;
				CURRENT_PROJECT_VERSION = 1;
				DEVELOPMENT_ASSET_PATHS = "\"Metronome/Preview Content\"";
				DEVELOPMENT_TEAM = CH9GHVXXU9;
				ENABLE_PREVIEWS = YES;
				GENERATE_INFOPLIST_FILE = YES;
				INFOPLIST_KEY_UIApplicationSceneManifest_Generation = YES;
				INFOPLIST_KEY_UIApplicationSupportsIndirectInputEvents = YES;
				INFOPLIST_KEY_UILaunchScreen_Generation = YES;
				INFOPLIST_KEY_UISupportedInterfaceOrientations_iPad = "UIInterfaceOrientationPortrait UIInterfaceOrientationPortraitUpsideDown UIInterfaceOrientationLandscapeLeft UIInterfaceOrientationLandscapeRight";
				INFOPLIST_KEY_UISupportedInterfaceOrientations_iPhone = "UIInterfaceOrientationPortrait UIInterfaceOrientationLandscapeLeft UIInterfaceOrientationLandscapeRight";
				LD_RUNPATH_SEARCH_PATHS = (
					"$(inherited)",
					"@executable_path/Frameworks",
				);
				MARKETING_VERSION = 1.0;
				PRODUCT_BUNDLE_IDENTIFIER = jp.13an.Metronome;
				PRODUCT_NAME = "$(TARGET_NAME)";
				SWIFT_EMIT_LOC_STRINGS = YES;
				SWIFT_VERSION = 5.0;
				TARGETED_DEVICE_FAMILY = "1,2";
			};
			name = Debug;
		};
		3E2B873929FE5B83008FDD74 /* Release */ = {
			isa = XCBuildConfiguration;
			buildSettings = {
				ASSETCATALOG_COMPILER_APPICON_NAME = AppIcon;
				ASSETCATALOG_COMPILER_GLOBAL_ACCENT_COLOR_NAME = AccentColor;
				CODE_SIGN_STYLE = Automatic;
				CURRENT_PROJECT_VERSION = 1;
				DEVELOPMENT_ASSET_PATHS = "\"Metronome/Preview Content\"";
				DEVELOPMENT_TEAM = CH9GHVXXU9;
				ENABLE_PREVIEWS = YES;
				GENERATE_INFOPLIST_FILE = YES;
				INFOPLIST_KEY_UIApplicationSceneManifest_Generation = YES;
				INFOPLIST_KEY_UIApplicationSupportsIndirectInputEvents = YES;
				INFOPLIST_KEY_UILaunchScreen_Generation = YES;
				INFOPLIST_KEY_UISupportedInterfaceOrientations_iPad = "UIInterfaceOrientationPortrait UIInterfaceOrientationPortraitUpsideDown UIInterfaceOrientationLandscapeLeft UIInterfaceOrientationLandscapeRight";
				INFOPLIST_KEY_UISupportedInterfaceOrientations_iPhone = "UIInterfaceOrientationPortrait UIInterfaceOrientationLandscapeLeft UIInterfaceOrientationLandscapeRight";
				LD_RUNPATH_SEARCH_PATHS = (
					"$(inherited)",
					"@executable_path/Frameworks",
				);
				MARKETING_VERSION = 1.0;
				PRODUCT_BUNDLE_IDENTIFIER = jp.13an.Metronome;
				PRODUCT_NAME = "$(TARGET_NAME)";
				SWIFT_EMIT_LOC_STRINGS = YES;
				SWIFT_VERSION = 5.0;
				TARGETED_DEVICE_FAMILY = "1,2";
			};
			name = Release;
		};
		3E2B873B29FE5B83008FDD74 /* Debug */ = {
			isa = XCBuildConfiguration;
			buildSettings = {
				ALWAYS_EMBED_SWIFT_STANDARD_LIBRARIES = YES;
				BUNDLE_LOADER = "$(TEST_HOST)";
				CODE_SIGN_STYLE = Automatic;
				CURRENT_PROJECT_VERSION = 1;
				DEVELOPMENT_TEAM = CH9GHVXXU9;
				GENERATE_INFOPLIST_FILE = YES;
				IPHONEOS_DEPLOYMENT_TARGET = 16.4;
				MARKETING_VERSION = 1.0;
				PRODUCT_BUNDLE_IDENTIFIER = jp.13an.MetronomeTests;
				PRODUCT_NAME = "$(TARGET_NAME)";
				SWIFT_EMIT_LOC_STRINGS = NO;
				SWIFT_VERSION = 5.0;
				TARGETED_DEVICE_FAMILY = "1,2";
				TEST_HOST = "$(BUILT_PRODUCTS_DIR)/Metronome.app/$(BUNDLE_EXECUTABLE_FOLDER_PATH)/Metronome";
			};
			name = Debug;
		};
		3E2B873C29FE5B83008FDD74 /* Release */ = {
			isa = XCBuildConfiguration;
			buildSettings = {
				ALWAYS_EMBED_SWIFT_STANDARD_LIBRARIES = YES;
				BUNDLE_LOADER = "$(TEST_HOST)";
				CODE_SIGN_STYLE = Automatic;
				CURRENT_PROJECT_VERSION = 1;
				DEVELOPMENT_TEAM = CH9GHVXXU9;
				GENERATE_INFOPLIST_FILE = YES;
				IPHONEOS_DEPLOYMENT_TARGET = 16.4;
				MARKETING_VERSION = 1.0;
				PRODUCT_BUNDLE_IDENTIFIER = jp.13an.MetronomeTests;
				PRODUCT_NAME = "$(TARGET_NAME)";
				SWIFT_EMIT_LOC_STRINGS = NO;
				SWIFT_VERSION = 5.0;
				TARGETED_DEVICE_FAMILY = "1,2";
				TEST_HOST = "$(BUILT_PRODUCTS_DIR)/Metronome.app/$(BUNDLE_EXECUTABLE_FOLDER_PATH)/Metronome";
			};
			name = Release;
		};
		3E2B873E29FE5B83008FDD74 /* Debug */ = {
			isa = XCBuildConfiguration;
			buildSettings = {
				ALWAYS_EMBED_SWIFT_STANDARD_LIBRARIES = YES;
				CODE_SIGN_STYLE = Automatic;
				CURRENT_PROJECT_VERSION = 1;
				DEVELOPMENT_TEAM = CH9GHVXXU9;
				GENERATE_INFOPLIST_FILE = YES;
				MARKETING_VERSION = 1.0;
				PRODUCT_BUNDLE_IDENTIFIER = jp.13an.MetronomeUITests;
				PRODUCT_NAME = "$(TARGET_NAME)";
				SWIFT_EMIT_LOC_STRINGS = NO;
				SWIFT_VERSION = 5.0;
				TARGETED_DEVICE_FAMILY = "1,2";
				TEST_TARGET_NAME = Metronome;
			};
			name = Debug;
		};
		3E2B873F29FE5B83008FDD74 /* Release */ = {
			isa = XCBuildConfiguration;
			buildSettings = {
				ALWAYS_EMBED_SWIFT_STANDARD_LIBRARIES = YES;
				CODE_SIGN_STYLE = Automatic;
				CURRENT_PROJECT_VERSION = 1;
				DEVELOPMENT_TEAM = CH9GHVXXU9;
				GENERATE_INFOPLIST_FILE = YES;
				MARKETING_VERSION = 1.0;
				PRODUCT_BUNDLE_IDENTIFIER = jp.13an.MetronomeUITests;
				PRODUCT_NAME = "$(TARGET_NAME)";
				SWIFT_EMIT_LOC_STRINGS = NO;
				SWIFT_VERSION = 5.0;
				TARGETED_DEVICE_FAMILY = "1,2";
				TEST_TARGET_NAME = Metronome;
			};
			name = Release;
		};
/* End XCBuildConfiguration section */

/* Begin XCConfigurationList section */
		3E2B870E29FE5B82008FDD74 /* Build configuration list for PBXProject "Metronome" */ = {
			isa = XCConfigurationList;
			buildConfigurations = (
				3E2B873529FE5B83008FDD74 /* Debug */,
				3E2B873629FE5B83008FDD74 /* Release */,
			);
			defaultConfigurationIsVisible = 0;
			defaultConfigurationName = Release;
		};
		3E2B873729FE5B83008FDD74 /* Build configuration list for PBXNativeTarget "Metronome" */ = {
			isa = XCConfigurationList;
			buildConfigurations = (
				3E2B873829FE5B83008FDD74 /* Debug */,
				3E2B873929FE5B83008FDD74 /* Release */,
			);
			defaultConfigurationIsVisible = 0;
			defaultConfigurationName = Release;
		};
		3E2B873A29FE5B83008FDD74 /* Build configuration list for PBXNativeTarget "MetronomeTests" */ = {
			isa = XCConfigurationList;
			buildConfigurations = (
				3E2B873B29FE5B83008FDD74 /* Debug */,
				3E2B873C29FE5B83008FDD74 /* Release */,
			);
			defaultConfigurationIsVisible = 0;
			defaultConfigurationName = Release;
		};
		3E2B873D29FE5B83008FDD74 /* Build configuration list for PBXNativeTarget "MetronomeUITests" */ = {
			isa = XCConfigurationList;
			buildConfigurations = (
				3E2B873E29FE5B83008FDD74 /* Debug */,
				3E2B873F29FE5B83008FDD74 /* Release */,
			);
			defaultConfigurationIsVisible = 0;
			defaultConfigurationName = Release;
		};
/* End XCConfigurationList section */
	};
	rootObject = 3E2B870B29FE5B82008FDD74 /* Project object */;
}
